# THIS IS AN AUTOGENERATED FILE. DO NOT EDIT THIS FILE DIRECTLY.
# yarn lockfile v1


all-the-package-names@*:
  version "2.0.1694"
  resolved "https://registry.yarnpkg.com/all-the-package-names/-/all-the-package-names-2.0.1694.tgz#9f3f1ed1c58af957723444f550b594a96ebfb14c"
  integrity sha512-9AXR2SsEOwD1+bbHDfHkzDpdQH6kfcwPCoqe3s8YsEPL09G11l/HVJhetS0LQBJ6IK6tw2E6qx5wKe7o3pYxMQ==
